{
  "requires": true,
  "lockfileVersion": 1,
  "dependencies": {
    "todomvc-app-css": {
      "version": "2.1.1",
      "resolved": "http://registry.npm.taobao.org/todomvc-app-css/download/todomvc-app-css-2.1.1.tgz",
      "integrity": "sha1-H2t6jYJoNjF0eO5uF72KXeLfRVE="
    },
    "todomvc-common": {
      "version": "1.0.5",
      "resolved": "http://registry.npm.taobao.org/todomvc-common/download/todomvc-common-1.0.5.tgz",
      "integrity": "sha1-jD55msnx/BVz4MIE+YRRCCaRRzA="
    },
    "vue": {
      "version": "2.5.16",
      "resolved": "http://registry.npm.taobao.org/vue/download/vue-2.5.16.tgz",
      "integrity": "sha1-B+23XoQSqu7YceuvqZ9GclhKAIU="
    }
  }
}
